
Microsoft Visual Studio Solution File, Format Version 12.00
# Visual Studio Version 16
VisualStudioVersion = 16.0.31005.135
MinimumVisualStudioVersion = 10.0.40219.1
Project("{9092AA53-FB77-4645-B42D-1CCCA6BD08BD}") = "nabla27_web", "nabla27_web\nabla27_web.njsproj", "{610E835D-C70D-44FA-835E-A5448F555400}"
EndProject
Global
	GlobalSection(SolutionConfigurationPlatforms) = preSolution
		Debug|Any CPU = Debug|Any CPU
		Release|Any CPU = Release|Any CPU
	EndGlobalSection
	GlobalSection(ProjectConfigurationPlatforms) = postSolution
		{610E835D-C70D-44FA-835E-A5448F555400}.Debug|Any CPU.ActiveCfg = Debug|Any CPU
		{610E835D-C70D-44FA-835E-A5448F555400}.Debug|Any CPU.Build.0 = Debug|Any CPU
		{610E835D-C70D-44FA-835E-A5448F555400}.Release|Any CPU.ActiveCfg = Release|Any CPU
		{610E835D-C70D-44FA-835E-A5448F555400}.Release|Any CPU.Build.0 = Release|Any CPU
	EndGlobalSection
	GlobalSection(SolutionProperties) = preSolution
		HideSolutionNode = FALSE
	EndGlobalSection
	GlobalSection(ExtensibilityGlobals) = postSolution
		SolutionGuid = {829F8403-C312-4166-BE32-63D6154AAF09}
	EndGlobalSection
EndGlobal
